
Microsoft Visual Studio Solution File, Format Version 12.00
# Visual Studio Version 16
VisualStudioVersion = 16.0.30011.22
MinimumVisualStudioVersion = 10.0.40219.1
Project("{FAE04EC0-301F-11D3-BF4B-00C04F79EFBC}") = "RecMove", "RecMove\RecMove.csproj", "{98F73DFD-E49E-4D4A-91B3-37B557C9AAD8}"
EndProject
Global
	GlobalSection(SolutionConfigurationPlatforms) = preSolution
		Debug|Any CPU = Debug|Any CPU
		Release|Any CPU = Release|Any CPU
	EndGlobalSection
	GlobalSection(ProjectConfigurationPlatforms) = postSolution
		{98F73DFD-E49E-4D4A-91B3-37B557C9AAD8}.Debug|Any CPU.ActiveCfg = Debug|Any CPU
		{98F73DFD-E49E-4D4A-91B3-37B557C9AAD8}.Debug|Any CPU.Build.0 = Debug|Any CPU
		{98F73DFD-E49E-4D4A-91B3-37B557C9AAD8}.Release|Any CPU.ActiveCfg = Release|Any CPU
		{98F73DFD-E49E-4D4A-91B3-37B557C9AAD8}.Release|Any CPU.Build.0 = Release|Any CPU
	EndGlobalSection
	GlobalSection(SolutionProperties) = preSolution
		HideSolutionNode = FALSE
	EndGlobalSection
	GlobalSection(ExtensibilityGlobals) = postSolution
		SolutionGuid = {B53C5CA1-4F3D-4AF5-B772-925061ED2C9B}
	EndGlobalSection
EndGlobal
